
Microsoft Visual Studio Solution File, Format Version 11.00
# Visual Studio 2010
Project("{FAE04EC0-301F-11D3-BF4B-00C04F79EFBC}") = "Assembly-CSharp", "Assembly-CSharp.csproj", "{6E85C65E-70B1-2439-D147-51752473F6FF}"
EndProject
Global
	GlobalSection(SolutionConfigurationPlatforms) = preSolution
		Debug|Any CPU = Debug|Any CPU
		Release|Any CPU = Release|Any CPU
	EndGlobalSection
	GlobalSection(ProjectConfigurationPlatforms) = postSolution
		{6E85C65E-70B1-2439-D147-51752473F6FF}.Debug|Any CPU.ActiveCfg = Debug|Any CPU
		{6E85C65E-70B1-2439-D147-51752473F6FF}.Debug|Any CPU.Build.0 = Debug|Any CPU
		{6E85C65E-70B1-2439-D147-51752473F6FF}.Release|Any CPU.ActiveCfg = Release|Any CPU
		{6E85C65E-70B1-2439-D147-51752473F6FF}.Release|Any CPU.Build.0 = Release|Any CPU
	EndGlobalSection
	GlobalSection(SolutionProperties) = preSolution
		HideSolutionNode = FALSE
	EndGlobalSection
EndGlobal
